Microsoft Visual Studio Solution File, Format Version 9.00
# Visual Studio 2005
Project("{8BC9CEB8-8B4A-11D0-8D11-00A0C91BC942}") = "SSPhysLib", "SSPhysLib\SSPhysLib.vcproj", "{8FFB1124-075F-48EC-914C-235E3FF8AB75}"
EndProject
Project("{8BC9CEB8-8B4A-11D0-8D11-00A0C91BC942}") = "ssphys", "SSPhys\ssphys.vcproj", "{FCF4A98B-3FE2-452D-9816-A67927261F25}"
	ProjectSection(ProjectDependencies) = postProject
		{8FFB1124-075F-48EC-914C-235E3FF8AB75} = {8FFB1124-075F-48EC-914C-235E3FF8AB75}
	EndProjectSection
EndProject
Project("{2150E333-8FDC-42A3-9474-1A3956D46DE8}") = "Solution Items", "Solution Items", "{CD3A9C0F-A694-4AC6-B015-DAA26D3819BF}"
	ProjectSection(SolutionItems) = preProject
		ReadMe.txt = ReadMe.txt
	EndProjectSection
EndProject
Global
	GlobalSection(SolutionConfigurationPlatforms) = preSolution
		Debug|Win32 = Debug|Win32
		Release|Win32 = Release|Win32
	EndGlobalSection
	GlobalSection(ProjectConfigurationPlatforms) = postSolution
		{8FFB1124-075F-48EC-914C-235E3FF8AB75}.Debug|Win32.ActiveCfg = Debug|Win32
		{8FFB1124-075F-48EC-914C-235E3FF8AB75}.Debug|Win32.Build.0 = Debug|Win32
		{8FFB1124-075F-48EC-914C-235E3FF8AB75}.Release|Win32.ActiveCfg = Release|Win32
		{8FFB1124-075F-48EC-914C-235E3FF8AB75}.Release|Win32.Build.0 = Release|Win32
		{FCF4A98B-3FE2-452D-9816-A67927261F25}.Debug|Win32.ActiveCfg = Debug|Win32
		{FCF4A98B-3FE2-452D-9816-A67927261F25}.Debug|Win32.Build.0 = Debug|Win32
		{FCF4A98B-3FE2-452D-9816-A67927261F25}.Release|Win32.ActiveCfg = Release|Win32
		{FCF4A98B-3FE2-452D-9816-A67927261F25}.Release|Win32.Build.0 = Release|Win32
	EndGlobalSection
	GlobalSection(SolutionProperties) = preSolution
		HideSolutionNode = FALSE
	EndGlobalSection
EndGlobal
